
Microsoft Visual Studio Solution File, Format Version 12.00
# Visual Studio Version 17
VisualStudioVersion = 17.3.32811.315
MinimumVisualStudioVersion = 10.0.40219.1
Project("{FAE04EC0-301F-11D3-BF4B-00C04F79EFBC}") = "cs uppgift 2.11", "cs uppgift 2.11\cs uppgift 2.11.csproj", "{45030B58-C14F-4DD5-B572-CE2996D0A86C}"
EndProject
Global
	GlobalSection(SolutionConfigurationPlatforms) = preSolution
		Debug|Any CPU = Debug|Any CPU
		Release|Any CPU = Release|Any CPU
	EndGlobalSection
	GlobalSection(ProjectConfigurationPlatforms) = postSolution
		{45030B58-C14F-4DD5-B572-CE2996D0A86C}.Debug|Any CPU.ActiveCfg = Debug|Any CPU
		{45030B58-C14F-4DD5-B572-CE2996D0A86C}.Debug|Any CPU.Build.0 = Debug|Any CPU
		{45030B58-C14F-4DD5-B572-CE2996D0A86C}.Release|Any CPU.ActiveCfg = Release|Any CPU
		{45030B58-C14F-4DD5-B572-CE2996D0A86C}.Release|Any CPU.Build.0 = Release|Any CPU
	EndGlobalSection
	GlobalSection(SolutionProperties) = preSolution
		HideSolutionNode = FALSE
	EndGlobalSection
	GlobalSection(ExtensibilityGlobals) = postSolution
		SolutionGuid = {72EEF644-01B5-4AEA-BFB8-D87E2E6107B8}
	EndGlobalSection
EndGlobal
